PODS:
  - Nimble (10.0.0)
  - OSAT-VideoCompositor-macOS (0.1.0)
  - Quick (2.2.1)

DEPENDENCIES:
  - Nimble (~> 10.0.0)
  - OSAT-VideoCompositor-macOS (from `../`)
  - Quick (~> 2.2.0)

SPEC REPOS:
  trunk:
    - Nimble
    - Quick

EXTERNAL SOURCES:
  OSAT-VideoCompositor-macOS:
    :path: "../"

SPEC CHECKSUMS:
  Nimble: 5316ef81a170ce87baf72dd961f22f89a602ff84
  OSAT-VideoCompositor-macOS: ff91471d2f0a321f6a9f23cb56351030c6de760f
  Quick: f5754d69b7013f5864c29aab9ae6f0c79c5bc200

PODFILE CHECKSUM: 778d4763b051f84bcf472544f6ddd042479d9abc

COCOAPODS: 1.11.3
